
Microsoft Visual Studio Solution File, Format Version 12.00
# Visual Studio Version 16
VisualStudioVersion = 16.0.29326.143
MinimumVisualStudioVersion = 10.0.40219.1
Project("{9A19103F-16F7-4668-BE54-9A1E7A4F7556}") = "BlogAlfaBravo", "BlogAlfaBravo\BlogAlfaBravo.csproj", "{3E33017B-5BF7-475F-B1A8-FBB4A8BAA1A2}"
EndProject
Project("{FAE04EC0-301F-11D3-BF4B-00C04F79EFBC}") = "APITest", "APITest\APITest.csproj", "{DE49BC30-26CE-41A6-BE4B-C03E2EA92F64}"
EndProject
Global
	GlobalSection(SolutionConfigurationPlatforms) = preSolution
		Debug|Any CPU = Debug|Any CPU
		Release|Any CPU = Release|Any CPU
	EndGlobalSection
	GlobalSection(ProjectConfigurationPlatforms) = postSolution
		{3E33017B-5BF7-475F-B1A8-FBB4A8BAA1A2}.Debug|Any CPU.ActiveCfg = Debug|Any CPU
		{3E33017B-5BF7-475F-B1A8-FBB4A8BAA1A2}.Debug|Any CPU.Build.0 = Debug|Any CPU
		{3E33017B-5BF7-475F-B1A8-FBB4A8BAA1A2}.Release|Any CPU.ActiveCfg = Release|Any CPU
		{3E33017B-5BF7-475F-B1A8-FBB4A8BAA1A2}.Release|Any CPU.Build.0 = Release|Any CPU
		{DE49BC30-26CE-41A6-BE4B-C03E2EA92F64}.Debug|Any CPU.ActiveCfg = Debug|Any CPU
		{DE49BC30-26CE-41A6-BE4B-C03E2EA92F64}.Debug|Any CPU.Build.0 = Debug|Any CPU
		{DE49BC30-26CE-41A6-BE4B-C03E2EA92F64}.Release|Any CPU.ActiveCfg = Release|Any CPU
		{DE49BC30-26CE-41A6-BE4B-C03E2EA92F64}.Release|Any CPU.Build.0 = Release|Any CPU
	EndGlobalSection
	GlobalSection(SolutionProperties) = preSolution
		HideSolutionNode = FALSE
	EndGlobalSection
	GlobalSection(ExtensibilityGlobals) = postSolution
		SolutionGuid = {8FE48B3B-D51E-4061-8FB1-3BC78DD8DA13}
	EndGlobalSection
EndGlobal
