
Microsoft Visual Studio Solution File, Format Version 12.00
# Visual Studio Version 16
VisualStudioVersion = 16.0.29403.142
MinimumVisualStudioVersion = 10.0.40219.1
Project("{9A19103F-16F7-4668-BE54-9A1E7A4F7556}") = "Domain", "Domain\Domain.csproj", "{4D209EF0-AA87-4711-9D3C-87B0084A2CC2}"
EndProject
Project("{9A19103F-16F7-4668-BE54-9A1E7A4F7556}") = "WebApi", "WebApi\WebApi.csproj", "{307FDB44-8F05-47B5-A2A2-BB408C604519}"
EndProject
Project("{9A19103F-16F7-4668-BE54-9A1E7A4F7556}") = "Infrastructure", "Infrastructure\Infrastructure.csproj", "{6499A409-C1C0-49E1-BBC8-F75CC3B5A007}"
EndProject
Project("{9A19103F-16F7-4668-BE54-9A1E7A4F7556}") = "Application", "Application\Application.csproj", "{770B5171-49DB-4814-BB94-A5801B5C5E4B}"
EndProject
Project("{E53339B2-1760-4266-BCC7-CA923CBCF16C}") = "docker-compose", "docker-compose.dcproj", "{94EED34D-BDFF-4A3A-8E05-1AEF5C06A67A}"
EndProject
Global
	GlobalSection(SolutionConfigurationPlatforms) = preSolution
		Debug|Any CPU = Debug|Any CPU
		Release|Any CPU = Release|Any CPU
	EndGlobalSection
	GlobalSection(ProjectConfigurationPlatforms) = postSolution
		{4D209EF0-AA87-4711-9D3C-87B0084A2CC2}.Debug|Any CPU.ActiveCfg = Debug|Any CPU
		{4D209EF0-AA87-4711-9D3C-87B0084A2CC2}.Debug|Any CPU.Build.0 = Debug|Any CPU
		{4D209EF0-AA87-4711-9D3C-87B0084A2CC2}.Release|Any CPU.ActiveCfg = Release|Any CPU
		{4D209EF0-AA87-4711-9D3C-87B0084A2CC2}.Release|Any CPU.Build.0 = Release|Any CPU
		{307FDB44-8F05-47B5-A2A2-BB408C604519}.Debug|Any CPU.ActiveCfg = Debug|Any CPU
		{307FDB44-8F05-47B5-A2A2-BB408C604519}.Debug|Any CPU.Build.0 = Debug|Any CPU
		{307FDB44-8F05-47B5-A2A2-BB408C604519}.Release|Any CPU.ActiveCfg = Release|Any CPU
		{307FDB44-8F05-47B5-A2A2-BB408C604519}.Release|Any CPU.Build.0 = Release|Any CPU
		{6499A409-C1C0-49E1-BBC8-F75CC3B5A007}.Debug|Any CPU.ActiveCfg = Debug|Any CPU
		{6499A409-C1C0-49E1-BBC8-F75CC3B5A007}.Debug|Any CPU.Build.0 = Debug|Any CPU
		{6499A409-C1C0-49E1-BBC8-F75CC3B5A007}.Release|Any CPU.ActiveCfg = Release|Any CPU
		{6499A409-C1C0-49E1-BBC8-F75CC3B5A007}.Release|Any CPU.Build.0 = Release|Any CPU
		{770B5171-49DB-4814-BB94-A5801B5C5E4B}.Debug|Any CPU.ActiveCfg = Debug|Any CPU
		{770B5171-49DB-4814-BB94-A5801B5C5E4B}.Debug|Any CPU.Build.0 = Debug|Any CPU
		{770B5171-49DB-4814-BB94-A5801B5C5E4B}.Release|Any CPU.ActiveCfg = Release|Any CPU
		{770B5171-49DB-4814-BB94-A5801B5C5E4B}.Release|Any CPU.Build.0 = Release|Any CPU
		{94EED34D-BDFF-4A3A-8E05-1AEF5C06A67A}.Debug|Any CPU.ActiveCfg = Debug|Any CPU
		{94EED34D-BDFF-4A3A-8E05-1AEF5C06A67A}.Debug|Any CPU.Build.0 = Debug|Any CPU
		{94EED34D-BDFF-4A3A-8E05-1AEF5C06A67A}.Release|Any CPU.ActiveCfg = Release|Any CPU
		{94EED34D-BDFF-4A3A-8E05-1AEF5C06A67A}.Release|Any CPU.Build.0 = Release|Any CPU
	EndGlobalSection
	GlobalSection(SolutionProperties) = preSolution
		HideSolutionNode = FALSE
	EndGlobalSection
	GlobalSection(ExtensibilityGlobals) = postSolution
		SolutionGuid = {533E896F-A4F5-4A30-9815-DB6077E19B77}
	EndGlobalSection
EndGlobal
