
Microsoft Visual Studio Solution File, Format Version 12.00
# Visual Studio Version 16
VisualStudioVersion = 16.0.29326.143
MinimumVisualStudioVersion = 10.0.40219.1
Project("{9A19103F-16F7-4668-BE54-9A1E7A4F7556}") = "WebApi", "WebApi\WebApi.csproj", "{77C40C46-D83B-4087-8C64-F67205BEB3CC}"
	ProjectSection(ProjectDependencies) = postProject
		{AEEA61B7-62F6-4783-92C3-6A15826FDA97} = {AEEA61B7-62F6-4783-92C3-6A15826FDA97}
	EndProjectSection
EndProject
Project("{9A19103F-16F7-4668-BE54-9A1E7A4F7556}") = "Infrastructure", "Infrastructure\Infrastructure.csproj", "{018049CB-E2C6-4B14-86D7-ABB6F5E5027D}"
EndProject
Project("{9A19103F-16F7-4668-BE54-9A1E7A4F7556}") = "Domain", "Domain\Domain.csproj", "{AEEA61B7-62F6-4783-92C3-6A15826FDA97}"
EndProject
Project("{9A19103F-16F7-4668-BE54-9A1E7A4F7556}") = "Aplication", "Aplication\Aplication.csproj", "{B90AA043-A4BA-4F6D-96E6-97D43B8C9550}"
EndProject
Project("{FAE04EC0-301F-11D3-BF4B-00C04F79EFBC}") = "Web", "WEB\Web.csproj", "{CD42AACF-E7D2-4145-BFE2-D750F342E5A6}"
EndProject
Global
	GlobalSection(SolutionConfigurationPlatforms) = preSolution
		Debug|Any CPU = Debug|Any CPU
		Release|Any CPU = Release|Any CPU
	EndGlobalSection
	GlobalSection(ProjectConfigurationPlatforms) = postSolution
		{77C40C46-D83B-4087-8C64-F67205BEB3CC}.Debug|Any CPU.ActiveCfg = Debug|Any CPU
		{77C40C46-D83B-4087-8C64-F67205BEB3CC}.Debug|Any CPU.Build.0 = Debug|Any CPU
		{77C40C46-D83B-4087-8C64-F67205BEB3CC}.Release|Any CPU.ActiveCfg = Release|Any CPU
		{77C40C46-D83B-4087-8C64-F67205BEB3CC}.Release|Any CPU.Build.0 = Release|Any CPU
		{018049CB-E2C6-4B14-86D7-ABB6F5E5027D}.Debug|Any CPU.ActiveCfg = Debug|Any CPU
		{018049CB-E2C6-4B14-86D7-ABB6F5E5027D}.Debug|Any CPU.Build.0 = Debug|Any CPU
		{018049CB-E2C6-4B14-86D7-ABB6F5E5027D}.Release|Any CPU.ActiveCfg = Release|Any CPU
		{018049CB-E2C6-4B14-86D7-ABB6F5E5027D}.Release|Any CPU.Build.0 = Release|Any CPU
		{AEEA61B7-62F6-4783-92C3-6A15826FDA97}.Debug|Any CPU.ActiveCfg = Debug|Any CPU
		{AEEA61B7-62F6-4783-92C3-6A15826FDA97}.Debug|Any CPU.Build.0 = Debug|Any CPU
		{AEEA61B7-62F6-4783-92C3-6A15826FDA97}.Release|Any CPU.ActiveCfg = Release|Any CPU
		{AEEA61B7-62F6-4783-92C3-6A15826FDA97}.Release|Any CPU.Build.0 = Release|Any CPU
		{B90AA043-A4BA-4F6D-96E6-97D43B8C9550}.Debug|Any CPU.ActiveCfg = Debug|Any CPU
		{B90AA043-A4BA-4F6D-96E6-97D43B8C9550}.Debug|Any CPU.Build.0 = Debug|Any CPU
		{B90AA043-A4BA-4F6D-96E6-97D43B8C9550}.Release|Any CPU.ActiveCfg = Release|Any CPU
		{B90AA043-A4BA-4F6D-96E6-97D43B8C9550}.Release|Any CPU.Build.0 = Release|Any CPU
		{CD42AACF-E7D2-4145-BFE2-D750F342E5A6}.Debug|Any CPU.ActiveCfg = Debug|Any CPU
		{CD42AACF-E7D2-4145-BFE2-D750F342E5A6}.Debug|Any CPU.Build.0 = Debug|Any CPU
		{CD42AACF-E7D2-4145-BFE2-D750F342E5A6}.Release|Any CPU.ActiveCfg = Release|Any CPU
		{CD42AACF-E7D2-4145-BFE2-D750F342E5A6}.Release|Any CPU.Build.0 = Release|Any CPU
	EndGlobalSection
	GlobalSection(SolutionProperties) = preSolution
		HideSolutionNode = FALSE
	EndGlobalSection
	GlobalSection(ExtensibilityGlobals) = postSolution
		SolutionGuid = {3659F73F-585E-4A1A-8711-CD7CA3A0D42D}
	EndGlobalSection
EndGlobal
